
Microsoft Visual Studio Solution File, Format Version 12.00
# Visual Studio Version 16
VisualStudioVersion = 16.0.32510.428
MinimumVisualStudioVersion = 10.0.40219.1
Project("{FAE04EC0-301F-11D3-BF4B-00C04F79EFBC}") = "CalculatorApp", "CalculatorApp\CalculatorApp.csproj", "{554D7D3B-AB97-4DB3-A8D2-7D3B53935919}"
EndProject
Project("{2150E333-8FDC-42A3-9474-1A3956D46DE8}") = "Layers.Framework.Net", "Layers.Framework.Net", "{20C33EFE-2198-4784-AF2E-F02806CE77A2}"
EndProject
Global
	GlobalSection(SolutionConfigurationPlatforms) = preSolution
		Debug|Any CPU = Debug|Any CPU
		Release|Any CPU = Release|Any CPU
	EndGlobalSection
	GlobalSection(ProjectConfigurationPlatforms) = postSolution
		{554D7D3B-AB97-4DB3-A8D2-7D3B53935919}.Debug|Any CPU.ActiveCfg = Debug|Any CPU
		{554D7D3B-AB97-4DB3-A8D2-7D3B53935919}.Debug|Any CPU.Build.0 = Debug|Any CPU
		{554D7D3B-AB97-4DB3-A8D2-7D3B53935919}.Release|Any CPU.ActiveCfg = Release|Any CPU
		{554D7D3B-AB97-4DB3-A8D2-7D3B53935919}.Release|Any CPU.Build.0 = Release|Any CPU
	EndGlobalSection
	GlobalSection(SolutionProperties) = preSolution
		HideSolutionNode = FALSE
	EndGlobalSection
	GlobalSection(NestedProjects) = preSolution
		{554D7D3B-AB97-4DB3-A8D2-7D3B53935919} = {20C33EFE-2198-4784-AF2E-F02806CE77A2}
	EndGlobalSection
	GlobalSection(ExtensibilityGlobals) = postSolution
		SolutionGuid = {18FED27E-04A7-4C04-843E-673998C06879}
	EndGlobalSection
EndGlobal
